
Microsoft Visual Studio Solution File, Format Version 12.00
# Visual Studio 15
VisualStudioVersion = 15.0.27130.2024
MinimumVisualStudioVersion = 10.0.40219.1
Project("{FAE04EC0-301F-11D3-BF4B-00C04F79EFBC}") = "BlackJack", "BlackJack\BlackJack.csproj", "{4C4D04C6-2524-4128-B106-A8BFF297D988}"
EndProject
Global
	GlobalSection(SolutionConfigurationPlatforms) = preSolution
		Debug|Any CPU = Debug|Any CPU
		Release|Any CPU = Release|Any CPU
	EndGlobalSection
	GlobalSection(ProjectConfigurationPlatforms) = postSolution
		{4C4D04C6-2524-4128-B106-A8BFF297D988}.Debug|Any CPU.ActiveCfg = Debug|Any CPU
		{4C4D04C6-2524-4128-B106-A8BFF297D988}.Debug|Any CPU.Build.0 = Debug|Any CPU
		{4C4D04C6-2524-4128-B106-A8BFF297D988}.Release|Any CPU.ActiveCfg = Release|Any CPU
		{4C4D04C6-2524-4128-B106-A8BFF297D988}.Release|Any CPU.Build.0 = Release|Any CPU
	EndGlobalSection
	GlobalSection(SolutionProperties) = preSolution
		HideSolutionNode = FALSE
	EndGlobalSection
	GlobalSection(ExtensibilityGlobals) = postSolution
		SolutionGuid = {BD707486-B6E3-4F20-8EF5-FF399BFC6FF8}
	EndGlobalSection
EndGlobal
